
Microsoft Visual Studio Solution File, Format Version 12.00
# Visual Studio Version 17
VisualStudioVersion = 17.9.34701.34
MinimumVisualStudioVersion = 10.0.40219.1
Project("{9A19103F-16F7-4668-BE54-9A1E7A4F7556}") = "MyCarterApp", "MyCarterApp.csproj", "{A73AD8C1-ECA4-4881-848D-CA4A276FB69B}"
EndProject
Global
	GlobalSection(SolutionConfigurationPlatforms) = preSolution
		Debug|Any CPU = Debug|Any CPU
		Release|Any CPU = Release|Any CPU
	EndGlobalSection
	GlobalSection(ProjectConfigurationPlatforms) = postSolution
		{A73AD8C1-ECA4-4881-848D-CA4A276FB69B}.Debug|Any CPU.ActiveCfg = Debug|Any CPU
		{A73AD8C1-ECA4-4881-848D-CA4A276FB69B}.Debug|Any CPU.Build.0 = Debug|Any CPU
		{A73AD8C1-ECA4-4881-848D-CA4A276FB69B}.Release|Any CPU.ActiveCfg = Release|Any CPU
		{A73AD8C1-ECA4-4881-848D-CA4A276FB69B}.Release|Any CPU.Build.0 = Release|Any CPU
	EndGlobalSection
	GlobalSection(SolutionProperties) = preSolution
		HideSolutionNode = FALSE
	EndGlobalSection
	GlobalSection(ExtensibilityGlobals) = postSolution
		SolutionGuid = {E9F9E09F-820A-48C4-AC3F-70B605F23C22}
	EndGlobalSection
EndGlobal
